
Microsoft Visual Studio Solution File, Format Version 12.00
# Visual Studio Version 16
VisualStudioVersion = 16.0.31702.278
MinimumVisualStudioVersion = 10.0.40219.1
Project("{FAE04EC0-301F-11D3-BF4B-00C04F79EFBC}") = "P12 Highly divisible triangular number", "P12 Highly divisible triangular number\P12 Highly divisible triangular number.csproj", "{37F73CFE-660B-4827-B85F-2F99124D9EF6}"
EndProject
Global
	GlobalSection(SolutionConfigurationPlatforms) = preSolution
		Debug|Any CPU = Debug|Any CPU
		Release|Any CPU = Release|Any CPU
	EndGlobalSection
	GlobalSection(ProjectConfigurationPlatforms) = postSolution
		{37F73CFE-660B-4827-B85F-2F99124D9EF6}.Debug|Any CPU.ActiveCfg = Debug|Any CPU
		{37F73CFE-660B-4827-B85F-2F99124D9EF6}.Debug|Any CPU.Build.0 = Debug|Any CPU
		{37F73CFE-660B-4827-B85F-2F99124D9EF6}.Release|Any CPU.ActiveCfg = Release|Any CPU
		{37F73CFE-660B-4827-B85F-2F99124D9EF6}.Release|Any CPU.Build.0 = Release|Any CPU
	EndGlobalSection
	GlobalSection(SolutionProperties) = preSolution
		HideSolutionNode = FALSE
	EndGlobalSection
	GlobalSection(ExtensibilityGlobals) = postSolution
		SolutionGuid = {8E9F7491-525D-46E0-A796-E0238FD432B4}
	EndGlobalSection
EndGlobal
