
Microsoft Visual Studio Solution File, Format Version 12.00
# Visual Studio Version 16
VisualStudioVersion = 16.0.31702.278
MinimumVisualStudioVersion = 10.0.40219.1
Project("{FAE04EC0-301F-11D3-BF4B-00C04F79EFBC}") = "Even Fibonacci numbers", "Even Fibonacci numbers\Even Fibonacci numbers.csproj", "{A88E7680-8382-432D-8007-C68F5732CF06}"
EndProject
Global
	GlobalSection(SolutionConfigurationPlatforms) = preSolution
		Debug|Any CPU = Debug|Any CPU
		Release|Any CPU = Release|Any CPU
	EndGlobalSection
	GlobalSection(ProjectConfigurationPlatforms) = postSolution
		{A88E7680-8382-432D-8007-C68F5732CF06}.Debug|Any CPU.ActiveCfg = Debug|Any CPU
		{A88E7680-8382-432D-8007-C68F5732CF06}.Debug|Any CPU.Build.0 = Debug|Any CPU
		{A88E7680-8382-432D-8007-C68F5732CF06}.Release|Any CPU.ActiveCfg = Release|Any CPU
		{A88E7680-8382-432D-8007-C68F5732CF06}.Release|Any CPU.Build.0 = Release|Any CPU
	EndGlobalSection
	GlobalSection(SolutionProperties) = preSolution
		HideSolutionNode = FALSE
	EndGlobalSection
	GlobalSection(ExtensibilityGlobals) = postSolution
		SolutionGuid = {9F08DCF0-E773-45C6-A75D-1BD3CD65CC94}
	EndGlobalSection
EndGlobal
