
Microsoft Visual Studio Solution File, Format Version 12.00
# Visual Studio Version 16
VisualStudioVersion = 16.0.31702.278
MinimumVisualStudioVersion = 10.0.40219.1
Project("{FAE04EC0-301F-11D3-BF4B-00C04F79EFBC}") = "P5 Smallest multiple", "P5 Smallest multiple\P5 Smallest multiple.csproj", "{557733E1-17C7-46C5-BBBE-454E0444B3DF}"
EndProject
Global
	GlobalSection(SolutionConfigurationPlatforms) = preSolution
		Debug|Any CPU = Debug|Any CPU
		Release|Any CPU = Release|Any CPU
	EndGlobalSection
	GlobalSection(ProjectConfigurationPlatforms) = postSolution
		{557733E1-17C7-46C5-BBBE-454E0444B3DF}.Debug|Any CPU.ActiveCfg = Debug|Any CPU
		{557733E1-17C7-46C5-BBBE-454E0444B3DF}.Debug|Any CPU.Build.0 = Debug|Any CPU
		{557733E1-17C7-46C5-BBBE-454E0444B3DF}.Release|Any CPU.ActiveCfg = Release|Any CPU
		{557733E1-17C7-46C5-BBBE-454E0444B3DF}.Release|Any CPU.Build.0 = Release|Any CPU
	EndGlobalSection
	GlobalSection(SolutionProperties) = preSolution
		HideSolutionNode = FALSE
	EndGlobalSection
	GlobalSection(ExtensibilityGlobals) = postSolution
		SolutionGuid = {DC80646B-3087-43A9-A93D-A2DB059F36F9}
	EndGlobalSection
EndGlobal
