
Microsoft Visual Studio Solution File, Format Version 12.00
# Visual Studio Version 16
VisualStudioVersion = 16.0.31702.278
MinimumVisualStudioVersion = 10.0.40219.1
Project("{FAE04EC0-301F-11D3-BF4B-00C04F79EFBC}") = "count of total 1000 pp by ---", "count of total 1000 pp by ---\count of total 1000 pp by ---.csproj", "{F84443F4-76C8-4A89-A37A-AB109EEFACCF}"
EndProject
Global
	GlobalSection(SolutionConfigurationPlatforms) = preSolution
		Debug|Any CPU = Debug|Any CPU
		Release|Any CPU = Release|Any CPU
	EndGlobalSection
	GlobalSection(ProjectConfigurationPlatforms) = postSolution
		{F84443F4-76C8-4A89-A37A-AB109EEFACCF}.Debug|Any CPU.ActiveCfg = Debug|Any CPU
		{F84443F4-76C8-4A89-A37A-AB109EEFACCF}.Debug|Any CPU.Build.0 = Debug|Any CPU
		{F84443F4-76C8-4A89-A37A-AB109EEFACCF}.Release|Any CPU.ActiveCfg = Release|Any CPU
		{F84443F4-76C8-4A89-A37A-AB109EEFACCF}.Release|Any CPU.Build.0 = Release|Any CPU
	EndGlobalSection
	GlobalSection(SolutionProperties) = preSolution
		HideSolutionNode = FALSE
	EndGlobalSection
	GlobalSection(ExtensibilityGlobals) = postSolution
		SolutionGuid = {5944D06A-A976-44E3-8FC0-A78A8BF14290}
	EndGlobalSection
EndGlobal
