
Microsoft Visual Studio Solution File, Format Version 12.00
# Visual Studio Version 16
VisualStudioVersion = 16.0.31702.278
MinimumVisualStudioVersion = 10.0.40219.1
Project("{FAE04EC0-301F-11D3-BF4B-00C04F79EFBC}") = "Largest palindrome product", "Largest palindrome product\Largest palindrome product.csproj", "{8248B803-2B64-4833-9EDF-C044698DECA2}"
EndProject
Global
	GlobalSection(SolutionConfigurationPlatforms) = preSolution
		Debug|Any CPU = Debug|Any CPU
		Release|Any CPU = Release|Any CPU
	EndGlobalSection
	GlobalSection(ProjectConfigurationPlatforms) = postSolution
		{8248B803-2B64-4833-9EDF-C044698DECA2}.Debug|Any CPU.ActiveCfg = Debug|Any CPU
		{8248B803-2B64-4833-9EDF-C044698DECA2}.Debug|Any CPU.Build.0 = Debug|Any CPU
		{8248B803-2B64-4833-9EDF-C044698DECA2}.Release|Any CPU.ActiveCfg = Release|Any CPU
		{8248B803-2B64-4833-9EDF-C044698DECA2}.Release|Any CPU.Build.0 = Release|Any CPU
	EndGlobalSection
	GlobalSection(SolutionProperties) = preSolution
		HideSolutionNode = FALSE
	EndGlobalSection
	GlobalSection(ExtensibilityGlobals) = postSolution
		SolutionGuid = {90B77300-4728-44E9-9EB3-47FF9AF8D58D}
	EndGlobalSection
EndGlobal
