
Microsoft Visual Studio Solution File, Format Version 12.00
# Visual Studio Version 16
VisualStudioVersion = 16.0.31702.278
MinimumVisualStudioVersion = 10.0.40219.1
Project("{FAE04EC0-301F-11D3-BF4B-00C04F79EFBC}") = "Largest prime factor", "Largest prime factor\Largest prime factor.csproj", "{81CEBE35-9A6A-4E15-BCD3-341AB819490F}"
EndProject
Global
	GlobalSection(SolutionConfigurationPlatforms) = preSolution
		Debug|Any CPU = Debug|Any CPU
		Release|Any CPU = Release|Any CPU
	EndGlobalSection
	GlobalSection(ProjectConfigurationPlatforms) = postSolution
		{81CEBE35-9A6A-4E15-BCD3-341AB819490F}.Debug|Any CPU.ActiveCfg = Debug|Any CPU
		{81CEBE35-9A6A-4E15-BCD3-341AB819490F}.Debug|Any CPU.Build.0 = Debug|Any CPU
		{81CEBE35-9A6A-4E15-BCD3-341AB819490F}.Release|Any CPU.ActiveCfg = Release|Any CPU
		{81CEBE35-9A6A-4E15-BCD3-341AB819490F}.Release|Any CPU.Build.0 = Release|Any CPU
	EndGlobalSection
	GlobalSection(SolutionProperties) = preSolution
		HideSolutionNode = FALSE
	EndGlobalSection
	GlobalSection(ExtensibilityGlobals) = postSolution
		SolutionGuid = {CCE5F5FD-1E73-4600-9972-315AA92FE394}
	EndGlobalSection
EndGlobal
