
Microsoft Visual Studio Solution File, Format Version 12.00
# Visual Studio Version 16
VisualStudioVersion = 16.0.31702.278
MinimumVisualStudioVersion = 10.0.40219.1
Project("{FAE04EC0-301F-11D3-BF4B-00C04F79EFBC}") = "P13 Large Sum", "P13 Large Sum\P13 Large Sum.csproj", "{B411F83C-C082-404C-B55A-05C2F0745D65}"
EndProject
Global
	GlobalSection(SolutionConfigurationPlatforms) = preSolution
		Debug|Any CPU = Debug|Any CPU
		Release|Any CPU = Release|Any CPU
	EndGlobalSection
	GlobalSection(ProjectConfigurationPlatforms) = postSolution
		{B411F83C-C082-404C-B55A-05C2F0745D65}.Debug|Any CPU.ActiveCfg = Debug|Any CPU
		{B411F83C-C082-404C-B55A-05C2F0745D65}.Debug|Any CPU.Build.0 = Debug|Any CPU
		{B411F83C-C082-404C-B55A-05C2F0745D65}.Release|Any CPU.ActiveCfg = Release|Any CPU
		{B411F83C-C082-404C-B55A-05C2F0745D65}.Release|Any CPU.Build.0 = Release|Any CPU
	EndGlobalSection
	GlobalSection(SolutionProperties) = preSolution
		HideSolutionNode = FALSE
	EndGlobalSection
	GlobalSection(ExtensibilityGlobals) = postSolution
		SolutionGuid = {FE9564DF-1657-4CE7-A019-BD1F7C7FD5AA}
	EndGlobalSection
EndGlobal
